
Microsoft Visual Studio Solution File, Format Version 12.00
# Visual Studio Version 17
VisualStudioVersion = 17.2.32526.322
MinimumVisualStudioVersion = 10.0.40219.1
Project("{FAE04EC0-301F-11D3-BF4B-00C04F79EFBC}") = "bookCatalogAPI", "bookCatalogAPI.csproj", "{3042CB87-8706-481B-9C6F-093F6F58E15B}"
EndProject
Global
	GlobalSection(SolutionConfigurationPlatforms) = preSolution
		Debug|Any CPU = Debug|Any CPU
		Release|Any CPU = Release|Any CPU
	EndGlobalSection
	GlobalSection(ProjectConfigurationPlatforms) = postSolution
		{3042CB87-8706-481B-9C6F-093F6F58E15B}.Debug|Any CPU.ActiveCfg = Debug|Any CPU
		{3042CB87-8706-481B-9C6F-093F6F58E15B}.Debug|Any CPU.Build.0 = Debug|Any CPU
		{3042CB87-8706-481B-9C6F-093F6F58E15B}.Release|Any CPU.ActiveCfg = Release|Any CPU
		{3042CB87-8706-481B-9C6F-093F6F58E15B}.Release|Any CPU.Build.0 = Release|Any CPU
	EndGlobalSection
	GlobalSection(SolutionProperties) = preSolution
		HideSolutionNode = FALSE
	EndGlobalSection
	GlobalSection(ExtensibilityGlobals) = postSolution
		SolutionGuid = {1570E4AB-4AE5-465B-ACB4-993044AF977C}
	EndGlobalSection
EndGlobal
